
Microsoft Visual Studio Solution File, Format Version 12.00
# Visual Studio 15
VisualStudioVersion = 15.0.26730.12
MinimumVisualStudioVersion = 10.0.40219.1
Project("{FAE04EC0-301F-11D3-BF4B-00C04F79EFBC}") = "KovatsNorbertModulzaroSzf17", "KovatsNorbertModulzaroSzf17\KovatsNorbertModulzaroSzf17.csproj", "{BB4E5805-BAA3-41EA-880B-1C943F8F0E15}"
EndProject
Project("{FAE04EC0-301F-11D3-BF4B-00C04F79EFBC}") = "UnitTestProject1", "UnitTestProject1\UnitTestProject1.csproj", "{D40FB75A-29B3-430A-9AC9-1AB8E2800DC3}"
EndProject
Global
	GlobalSection(SolutionConfigurationPlatforms) = preSolution
		Debug|Any CPU = Debug|Any CPU
		Release|Any CPU = Release|Any CPU
	EndGlobalSection
	GlobalSection(ProjectConfigurationPlatforms) = postSolution
		{BB4E5805-BAA3-41EA-880B-1C943F8F0E15}.Debug|Any CPU.ActiveCfg = Debug|Any CPU
		{BB4E5805-BAA3-41EA-880B-1C943F8F0E15}.Debug|Any CPU.Build.0 = Debug|Any CPU
		{BB4E5805-BAA3-41EA-880B-1C943F8F0E15}.Release|Any CPU.ActiveCfg = Release|Any CPU
		{BB4E5805-BAA3-41EA-880B-1C943F8F0E15}.Release|Any CPU.Build.0 = Release|Any CPU
		{D40FB75A-29B3-430A-9AC9-1AB8E2800DC3}.Debug|Any CPU.ActiveCfg = Debug|Any CPU
		{D40FB75A-29B3-430A-9AC9-1AB8E2800DC3}.Debug|Any CPU.Build.0 = Debug|Any CPU
		{D40FB75A-29B3-430A-9AC9-1AB8E2800DC3}.Release|Any CPU.ActiveCfg = Release|Any CPU
		{D40FB75A-29B3-430A-9AC9-1AB8E2800DC3}.Release|Any CPU.Build.0 = Release|Any CPU
	EndGlobalSection
	GlobalSection(SolutionProperties) = preSolution
		HideSolutionNode = FALSE
	EndGlobalSection
	GlobalSection(ExtensibilityGlobals) = postSolution
		SolutionGuid = {57DF1870-E556-4E52-BC02-7B640E148C4C}
	EndGlobalSection
EndGlobal
